
Microsoft Visual Studio Solution File, Format Version 12.00
# Visual Studio Version 16
VisualStudioVersion = 16.0.30804.86
MinimumVisualStudioVersion = 10.0.40219.1
Project("{9A19103F-16F7-4668-BE54-9A1E7A4F7556}") = "AwesomeDi.Api", "AwesomeDi.Api\AwesomeDi.Api.csproj", "{E1EC32B3-0036-4102-93DE-421689309A48}"
EndProject
Project("{FAE04EC0-301F-11D3-BF4B-00C04F79EFBC}") = "AwesomeDi.UnitTest", "AwesomeDi.UnitTest\AwesomeDi.UnitTest.csproj", "{07D1B0A3-CE17-46D2-9C1C-57212572A23C}"
EndProject
Global
	GlobalSection(SolutionConfigurationPlatforms) = preSolution
		Debug|Any CPU = Debug|Any CPU
		Release|Any CPU = Release|Any CPU
	EndGlobalSection
	GlobalSection(ProjectConfigurationPlatforms) = postSolution
		{E1EC32B3-0036-4102-93DE-421689309A48}.Debug|Any CPU.ActiveCfg = Debug|Any CPU
		{E1EC32B3-0036-4102-93DE-421689309A48}.Debug|Any CPU.Build.0 = Debug|Any CPU
		{E1EC32B3-0036-4102-93DE-421689309A48}.Release|Any CPU.ActiveCfg = Release|Any CPU
		{E1EC32B3-0036-4102-93DE-421689309A48}.Release|Any CPU.Build.0 = Release|Any CPU
		{07D1B0A3-CE17-46D2-9C1C-57212572A23C}.Debug|Any CPU.ActiveCfg = Debug|Any CPU
		{07D1B0A3-CE17-46D2-9C1C-57212572A23C}.Debug|Any CPU.Build.0 = Debug|Any CPU
		{07D1B0A3-CE17-46D2-9C1C-57212572A23C}.Release|Any CPU.ActiveCfg = Release|Any CPU
		{07D1B0A3-CE17-46D2-9C1C-57212572A23C}.Release|Any CPU.Build.0 = Release|Any CPU
	EndGlobalSection
	GlobalSection(SolutionProperties) = preSolution
		HideSolutionNode = FALSE
	EndGlobalSection
	GlobalSection(ExtensibilityGlobals) = postSolution
		SolutionGuid = {872C789C-4269-4906-A215-4109B0C5C8D9}
	EndGlobalSection
EndGlobal
